
Microsoft Visual Studio Solution File, Format Version 12.00
# Visual Studio 2015
Project("{FAE04EC0-301F-11D3-BF4B-00C04F79EFBC}") = "RPSIOProject.CSharp.Plugins", "RPSIOProject.CSharp.Plugins.csproj", "{169D870A-9568-60E6-E244-36D7E210F1BE}"
EndProject
Project("{FAE04EC0-301F-11D3-BF4B-00C04F79EFBC}") = "RPSIOProject.CSharp", "RPSIOProject.CSharp.csproj", "{304C8BEB-77B9-A8B9-7B57-1AD632CA9D4F}"
EndProject
Project("{FAE04EC0-301F-11D3-BF4B-00C04F79EFBC}") = "RPSIOProject.CSharp.Editor", "RPSIOProject.CSharp.Editor.csproj", "{272F690C-C987-FEFE-DCA9-993218B8D39B}"
EndProject
Global
	GlobalSection(SolutionConfigurationPlatforms) = preSolution
		Debug|Any CPU = Debug|Any CPU
		Release|Any CPU = Release|Any CPU
	EndGlobalSection
	GlobalSection(ProjectConfigurationPlatforms) = postSolution
		{169D870A-9568-60E6-E244-36D7E210F1BE}.Debug|Any CPU.ActiveCfg = Debug|Any CPU
		{169D870A-9568-60E6-E244-36D7E210F1BE}.Debug|Any CPU.Build.0 = Debug|Any CPU
		{169D870A-9568-60E6-E244-36D7E210F1BE}.Release|Any CPU.ActiveCfg = Release|Any CPU
		{169D870A-9568-60E6-E244-36D7E210F1BE}.Release|Any CPU.Build.0 = Release|Any CPU
		{304C8BEB-77B9-A8B9-7B57-1AD632CA9D4F}.Debug|Any CPU.ActiveCfg = Debug|Any CPU
		{304C8BEB-77B9-A8B9-7B57-1AD632CA9D4F}.Debug|Any CPU.Build.0 = Debug|Any CPU
		{304C8BEB-77B9-A8B9-7B57-1AD632CA9D4F}.Release|Any CPU.ActiveCfg = Release|Any CPU
		{304C8BEB-77B9-A8B9-7B57-1AD632CA9D4F}.Release|Any CPU.Build.0 = Release|Any CPU
		{272F690C-C987-FEFE-DCA9-993218B8D39B}.Debug|Any CPU.ActiveCfg = Debug|Any CPU
		{272F690C-C987-FEFE-DCA9-993218B8D39B}.Debug|Any CPU.Build.0 = Debug|Any CPU
		{272F690C-C987-FEFE-DCA9-993218B8D39B}.Release|Any CPU.ActiveCfg = Release|Any CPU
		{272F690C-C987-FEFE-DCA9-993218B8D39B}.Release|Any CPU.Build.0 = Release|Any CPU
	EndGlobalSection
	GlobalSection(SolutionProperties) = preSolution
		HideSolutionNode = FALSE
	EndGlobalSection
EndGlobal
