Microsoft Visual Studio Solution File, Format Version 12.00
# Visual Studio 2012
Project("{87F1FE5F-1F0D-87AE-EA79-896674EA5EC1}") = "RPSIOProject", "Assembly-CSharp.csproj", "{2EA83A95-B6AC-2814-7324-A0E465F044BF}"
EndProject
Project("{87F1FE5F-1F0D-87AE-EA79-896674EA5EC1}") = "RPSIOProject", "Assembly-CSharp-Editor-firstpass.csproj", "{2E9F821C-239A-C66A-E805-563376C49E70}"
EndProject
Project("{87F1FE5F-1F0D-87AE-EA79-896674EA5EC1}") = "RPSIOProject", "Assembly-CSharp-Editor.csproj", "{50506267-C8C6-878C-4998-8473117135FE}"
EndProject
Global
	GlobalSection(SolutionConfigurationPlatforms) = preSolution
		Debug|Any CPU = Debug|Any CPU
		Release|Any CPU = Release|Any CPU
	EndGlobalSection
	GlobalSection(ProjectConfigurationPlatforms) = postSolution
		{2EA83A95-B6AC-2814-7324-A0E465F044BF}.Debug|Any CPU.ActiveCfg = Debug|Any CPU
		{2EA83A95-B6AC-2814-7324-A0E465F044BF}.Debug|Any CPU.Build.0 = Debug|Any CPU
		{2EA83A95-B6AC-2814-7324-A0E465F044BF}.Release|Any CPU.ActiveCfg = Release|Any CPU
		{2EA83A95-B6AC-2814-7324-A0E465F044BF}.Release|Any CPU.Build.0 = Release|Any CPU
		{2E9F821C-239A-C66A-E805-563376C49E70}.Debug|Any CPU.ActiveCfg = Debug|Any CPU
		{2E9F821C-239A-C66A-E805-563376C49E70}.Debug|Any CPU.Build.0 = Debug|Any CPU
		{2E9F821C-239A-C66A-E805-563376C49E70}.Release|Any CPU.ActiveCfg = Release|Any CPU
		{2E9F821C-239A-C66A-E805-563376C49E70}.Release|Any CPU.Build.0 = Release|Any CPU
		{50506267-C8C6-878C-4998-8473117135FE}.Debug|Any CPU.ActiveCfg = Debug|Any CPU
		{50506267-C8C6-878C-4998-8473117135FE}.Debug|Any CPU.Build.0 = Debug|Any CPU
		{50506267-C8C6-878C-4998-8473117135FE}.Release|Any CPU.ActiveCfg = Release|Any CPU
		{50506267-C8C6-878C-4998-8473117135FE}.Release|Any CPU.Build.0 = Release|Any CPU
	EndGlobalSection
	GlobalSection(MonoDevelopProperties) = preSolution
		StartupItem = Assembly-CSharp.csproj
	EndGlobalSection
EndGlobal
